
Microsoft Visual Studio Solution File, Format Version 12.00
# Visual Studio 2013
VisualStudioVersion = 12.0.21005.1
MinimumVisualStudioVersion = 10.0.40219.1
Project("{2150E333-8FDC-42A3-9474-1A3956D46DE8}") = "Solution Items", "Solution Items", "{44E87F65-D8CD-4805-987A-8A338C879A9A}"
	ProjectSection(SolutionItems) = preProject
		CommonAssemblyInfo.cs = CommonAssemblyInfo.cs
		dokas.FluentStrings.nuspec = dokas.FluentStrings.nuspec
	EndProjectSection
EndProject
Project("{FAE04EC0-301F-11D3-BF4B-00C04F79EFBC}") = "FluentStrings", "FluentStrings\FluentStrings.csproj", "{79FB125E-FB95-4327-A305-E88E71C2AF59}"
EndProject
Project("{FAE04EC0-301F-11D3-BF4B-00C04F79EFBC}") = "FluentStrings.Tests", "FluentStrings.Tests\FluentStrings.Tests.csproj", "{CD228F4F-429E-4FC4-879F-C7FF2566972A}"
EndProject
Project("{FAE04EC0-301F-11D3-BF4B-00C04F79EFBC}") = "FluentStrings.Portable", "FluentStrings.Portable\FluentStrings.Portable.csproj", "{32DB0A0E-4633-4833-B35D-A03CAC877E0C}"
EndProject
Global
	GlobalSection(SolutionConfigurationPlatforms) = preSolution
		Debug|Any CPU = Debug|Any CPU
		Debug|Mixed Platforms = Debug|Mixed Platforms
		Debug|x86 = Debug|x86
		Default|Any CPU = Default|Any CPU
		Default|Mixed Platforms = Default|Mixed Platforms
		Default|x86 = Default|x86
		Release|Any CPU = Release|Any CPU
		Release|Mixed Platforms = Release|Mixed Platforms
		Release|x86 = Release|x86
	EndGlobalSection
	GlobalSection(ProjectConfigurationPlatforms) = postSolution
		{79FB125E-FB95-4327-A305-E88E71C2AF59}.Debug|Any CPU.ActiveCfg = Debug|Any CPU
		{79FB125E-FB95-4327-A305-E88E71C2AF59}.Debug|Any CPU.Build.0 = Debug|Any CPU
		{79FB125E-FB95-4327-A305-E88E71C2AF59}.Debug|Mixed Platforms.ActiveCfg = Debug|Any CPU
		{79FB125E-FB95-4327-A305-E88E71C2AF59}.Debug|Mixed Platforms.Build.0 = Debug|Any CPU
		{79FB125E-FB95-4327-A305-E88E71C2AF59}.Debug|x86.ActiveCfg = Debug|Any CPU
		{79FB125E-FB95-4327-A305-E88E71C2AF59}.Default|Any CPU.ActiveCfg = Debug|Any CPU
		{79FB125E-FB95-4327-A305-E88E71C2AF59}.Default|Mixed Platforms.ActiveCfg = Debug|Any CPU
		{79FB125E-FB95-4327-A305-E88E71C2AF59}.Default|Mixed Platforms.Build.0 = Debug|Any CPU
		{79FB125E-FB95-4327-A305-E88E71C2AF59}.Default|x86.ActiveCfg = Debug|Any CPU
		{79FB125E-FB95-4327-A305-E88E71C2AF59}.Release|Any CPU.ActiveCfg = Release|Any CPU
		{79FB125E-FB95-4327-A305-E88E71C2AF59}.Release|Any CPU.Build.0 = Release|Any CPU
		{79FB125E-FB95-4327-A305-E88E71C2AF59}.Release|Mixed Platforms.ActiveCfg = Release|Any CPU
		{79FB125E-FB95-4327-A305-E88E71C2AF59}.Release|Mixed Platforms.Build.0 = Release|Any CPU
		{79FB125E-FB95-4327-A305-E88E71C2AF59}.Release|x86.ActiveCfg = Release|Any CPU
		{CD228F4F-429E-4FC4-879F-C7FF2566972A}.Debug|Any CPU.ActiveCfg = Debug|Any CPU
		{CD228F4F-429E-4FC4-879F-C7FF2566972A}.Debug|Any CPU.Build.0 = Debug|Any CPU
		{CD228F4F-429E-4FC4-879F-C7FF2566972A}.Debug|Mixed Platforms.ActiveCfg = Debug|Any CPU
		{CD228F4F-429E-4FC4-879F-C7FF2566972A}.Debug|Mixed Platforms.Build.0 = Debug|Any CPU
		{CD228F4F-429E-4FC4-879F-C7FF2566972A}.Debug|x86.ActiveCfg = Debug|Any CPU
		{CD228F4F-429E-4FC4-879F-C7FF2566972A}.Default|Any CPU.ActiveCfg = Debug|Any CPU
		{CD228F4F-429E-4FC4-879F-C7FF2566972A}.Default|Any CPU.Build.0 = Debug|Any CPU
		{CD228F4F-429E-4FC4-879F-C7FF2566972A}.Default|Mixed Platforms.ActiveCfg = Debug|Any CPU
		{CD228F4F-429E-4FC4-879F-C7FF2566972A}.Default|Mixed Platforms.Build.0 = Debug|Any CPU
		{CD228F4F-429E-4FC4-879F-C7FF2566972A}.Default|x86.ActiveCfg = Debug|Any CPU
		{CD228F4F-429E-4FC4-879F-C7FF2566972A}.Release|Any CPU.ActiveCfg = Release|Any CPU
		{CD228F4F-429E-4FC4-879F-C7FF2566972A}.Release|Any CPU.Build.0 = Release|Any CPU
		{CD228F4F-429E-4FC4-879F-C7FF2566972A}.Release|Mixed Platforms.ActiveCfg = Release|Any CPU
		{CD228F4F-429E-4FC4-879F-C7FF2566972A}.Release|x86.ActiveCfg = Release|Any CPU
		{32DB0A0E-4633-4833-B35D-A03CAC877E0C}.Debug|Any CPU.ActiveCfg = Debug|Any CPU
		{32DB0A0E-4633-4833-B35D-A03CAC877E0C}.Debug|Any CPU.Build.0 = Debug|Any CPU
		{32DB0A0E-4633-4833-B35D-A03CAC877E0C}.Debug|Mixed Platforms.ActiveCfg = Debug|Any CPU
		{32DB0A0E-4633-4833-B35D-A03CAC877E0C}.Debug|Mixed Platforms.Build.0 = Debug|Any CPU
		{32DB0A0E-4633-4833-B35D-A03CAC877E0C}.Debug|x86.ActiveCfg = Debug|Any CPU
		{32DB0A0E-4633-4833-B35D-A03CAC877E0C}.Default|Any CPU.ActiveCfg = Debug|Any CPU
		{32DB0A0E-4633-4833-B35D-A03CAC877E0C}.Default|Any CPU.Build.0 = Debug|Any CPU
		{32DB0A0E-4633-4833-B35D-A03CAC877E0C}.Default|Mixed Platforms.ActiveCfg = Debug|Any CPU
		{32DB0A0E-4633-4833-B35D-A03CAC877E0C}.Default|Mixed Platforms.Build.0 = Debug|Any CPU
		{32DB0A0E-4633-4833-B35D-A03CAC877E0C}.Default|x86.ActiveCfg = Debug|Any CPU
		{32DB0A0E-4633-4833-B35D-A03CAC877E0C}.Release|Any CPU.ActiveCfg = Release|Any CPU
		{32DB0A0E-4633-4833-B35D-A03CAC877E0C}.Release|Any CPU.Build.0 = Release|Any CPU
		{32DB0A0E-4633-4833-B35D-A03CAC877E0C}.Release|Mixed Platforms.ActiveCfg = Release|Any CPU
		{32DB0A0E-4633-4833-B35D-A03CAC877E0C}.Release|Mixed Platforms.Build.0 = Release|Any CPU
		{32DB0A0E-4633-4833-B35D-A03CAC877E0C}.Release|x86.ActiveCfg = Release|Any CPU
	EndGlobalSection
	GlobalSection(SolutionProperties) = preSolution
		HideSolutionNode = FALSE
	EndGlobalSection
	GlobalSection(MonoDevelopProperties) = preSolution
		StartupItem = MonoFluentStringTests\FluentStrings.Tests\FluentStrings.Tests.csproj
		Policies = $0
		$0.DotNetNamingPolicy = $1
		$1.DirectoryNamespaceAssociation = None
		$1.ResourceNamePolicy = FileFormatDefault
		$0.TextStylePolicy = $2
		$2.FileWidth = 120
		$2.EolMarker = Windows
		$2.inheritsSet = VisualStudio
		$2.inheritsScope = text/plain
		$2.scope = text/x-csharp
		$0.CSharpFormattingPolicy = $3
		$3.inheritsSet = Mono
		$3.inheritsScope = text/x-csharp
		$3.scope = text/x-csharp
		$0.StandardHeader = $4
		$4.Text = 
		$4.IncludeInNewFiles = True
		$0.VersionControlPolicy = $5
		$5.inheritsSet = Mono
		$0.ChangeLogPolicy = $6
		$6.UpdateMode = None
		$6.MessageStyle = $7
		$7.LineAlign = 0
		$6.inheritsSet = Mono
	EndGlobalSection
EndGlobal
