
Microsoft Visual Studio Solution File, Format Version 11.00
# Visual Studio 2010
Project("{FAE04EC0-301F-11D3-BF4B-00C04F79EFBC}") = "FluentStrings", "FluentStrings\FluentStrings.csproj", "{79FB125E-FB95-4327-A305-E88E71C2AF59}"
EndProject
Project("{FAE04EC0-301F-11D3-BF4B-00C04F79EFBC}") = "FluentStrings.Tests", "FluentStrings.Tests\FluentStrings.Tests.csproj", "{CD228F4F-429E-4FC4-879F-C7FF2566972A}"
EndProject
Project("{2150E333-8FDC-42A3-9474-1A3956D46DE8}") = "Solution Items", "Solution Items", "{44E87F65-D8CD-4805-987A-8A338C879A9A}"
	ProjectSection(SolutionItems) = preProject
		Local.testsettings = Local.testsettings
		FluentStrings.vsmdi = FluentStrings.vsmdi
		TraceAndTestImpact.testsettings = TraceAndTestImpact.testsettings
	EndProjectSection
EndProject
Project("{2150E333-8FDC-42A3-9474-1A3956D46DE8}") = "Externals", "Externals", "{040000E6-C40B-40CA-AA48-99915213EAF0}"
	ProjectSection(SolutionItems) = preProject
		Externals\FluentAssertions.dll = Externals\FluentAssertions.dll
		Externals\FluentAssertions.xml = Externals\FluentAssertions.xml
	EndProjectSection
EndProject
Global
	GlobalSection(TestCaseManagementSettings) = postSolution
		CategoryFile = FluentStrings.vsmdi
	EndGlobalSection
	GlobalSection(SolutionConfigurationPlatforms) = preSolution
		Debug|Any CPU = Debug|Any CPU
		Debug|Mixed Platforms = Debug|Mixed Platforms
		Debug|x86 = Debug|x86
		Release|Any CPU = Release|Any CPU
		Release|Mixed Platforms = Release|Mixed Platforms
		Release|x86 = Release|x86
	EndGlobalSection
	GlobalSection(ProjectConfigurationPlatforms) = postSolution
		{1BA7E009-16E9-4151-944C-01CAF18E0D79}.Debug|Any CPU.ActiveCfg = Debug|x86
		{1BA7E009-16E9-4151-944C-01CAF18E0D79}.Debug|Mixed Platforms.ActiveCfg = Debug|x86
		{1BA7E009-16E9-4151-944C-01CAF18E0D79}.Debug|Mixed Platforms.Build.0 = Debug|x86
		{1BA7E009-16E9-4151-944C-01CAF18E0D79}.Debug|x86.ActiveCfg = Debug|x86
		{1BA7E009-16E9-4151-944C-01CAF18E0D79}.Debug|x86.Build.0 = Debug|x86
		{1BA7E009-16E9-4151-944C-01CAF18E0D79}.Release|Any CPU.ActiveCfg = Release|x86
		{1BA7E009-16E9-4151-944C-01CAF18E0D79}.Release|Mixed Platforms.ActiveCfg = Release|x86
		{1BA7E009-16E9-4151-944C-01CAF18E0D79}.Release|Mixed Platforms.Build.0 = Release|x86
		{1BA7E009-16E9-4151-944C-01CAF18E0D79}.Release|x86.ActiveCfg = Release|x86
		{1BA7E009-16E9-4151-944C-01CAF18E0D79}.Release|x86.Build.0 = Release|x86
		{79FB125E-FB95-4327-A305-E88E71C2AF59}.Debug|Any CPU.ActiveCfg = Debug|Any CPU
		{79FB125E-FB95-4327-A305-E88E71C2AF59}.Debug|Any CPU.Build.0 = Debug|Any CPU
		{79FB125E-FB95-4327-A305-E88E71C2AF59}.Debug|Mixed Platforms.ActiveCfg = Debug|Any CPU
		{79FB125E-FB95-4327-A305-E88E71C2AF59}.Debug|Mixed Platforms.Build.0 = Debug|Any CPU
		{79FB125E-FB95-4327-A305-E88E71C2AF59}.Debug|x86.ActiveCfg = Debug|Any CPU
		{79FB125E-FB95-4327-A305-E88E71C2AF59}.Release|Any CPU.ActiveCfg = Release|Any CPU
		{79FB125E-FB95-4327-A305-E88E71C2AF59}.Release|Any CPU.Build.0 = Release|Any CPU
		{79FB125E-FB95-4327-A305-E88E71C2AF59}.Release|Mixed Platforms.ActiveCfg = Release|Any CPU
		{79FB125E-FB95-4327-A305-E88E71C2AF59}.Release|Mixed Platforms.Build.0 = Release|Any CPU
		{79FB125E-FB95-4327-A305-E88E71C2AF59}.Release|x86.ActiveCfg = Release|Any CPU
		{CD228F4F-429E-4FC4-879F-C7FF2566972A}.Debug|Any CPU.ActiveCfg = Debug|Any CPU
		{CD228F4F-429E-4FC4-879F-C7FF2566972A}.Debug|Any CPU.Build.0 = Debug|Any CPU
		{CD228F4F-429E-4FC4-879F-C7FF2566972A}.Debug|Mixed Platforms.ActiveCfg = Debug|Any CPU
		{CD228F4F-429E-4FC4-879F-C7FF2566972A}.Debug|Mixed Platforms.Build.0 = Debug|Any CPU
		{CD228F4F-429E-4FC4-879F-C7FF2566972A}.Debug|x86.ActiveCfg = Debug|Any CPU
		{CD228F4F-429E-4FC4-879F-C7FF2566972A}.Release|Any CPU.ActiveCfg = Release|Any CPU
		{CD228F4F-429E-4FC4-879F-C7FF2566972A}.Release|Any CPU.Build.0 = Release|Any CPU
		{CD228F4F-429E-4FC4-879F-C7FF2566972A}.Release|Mixed Platforms.ActiveCfg = Release|Any CPU
		{CD228F4F-429E-4FC4-879F-C7FF2566972A}.Release|Mixed Platforms.Build.0 = Release|Any CPU
		{CD228F4F-429E-4FC4-879F-C7FF2566972A}.Release|x86.ActiveCfg = Release|Any CPU
	EndGlobalSection
	GlobalSection(SolutionProperties) = preSolution
		HideSolutionNode = FALSE
	EndGlobalSection
EndGlobal
