
Microsoft Visual Studio Solution File, Format Version 10.00
# Visual Studio 2008
Project("{FAE04EC0-301F-11D3-BF4B-00C04F79EFBC}") = "FluentStrings", "..\FluentStrings\FluentStrings.csproj", "{79FB125E-FB95-4327-A305-E88E71C2AF59}"
EndProject
Project("{FAE04EC0-301F-11D3-BF4B-00C04F79EFBC}") = "FluentStrings.Tests", "FluentStrings.Tests\FluentStrings.Tests.csproj", "{403CB03C-CADE-45FE-A121-E81246C77E6F}"
EndProject
Global
	GlobalSection(SolutionConfigurationPlatforms) = preSolution
		Debug|Any CPU = Debug|Any CPU
		Release|Any CPU = Release|Any CPU
		Default|Any CPU = Default|Any CPU
	EndGlobalSection
	GlobalSection(ProjectConfigurationPlatforms) = postSolution
		{403CB03C-CADE-45FE-A121-E81246C77E6F}.Debug|Any CPU.ActiveCfg = Debug|Any CPU
		{403CB03C-CADE-45FE-A121-E81246C77E6F}.Debug|Any CPU.Build.0 = Debug|Any CPU
		{403CB03C-CADE-45FE-A121-E81246C77E6F}.Default|Any CPU.ActiveCfg = Debug|Any CPU
		{403CB03C-CADE-45FE-A121-E81246C77E6F}.Default|Any CPU.Build.0 = Debug|Any CPU
		{403CB03C-CADE-45FE-A121-E81246C77E6F}.Release|Any CPU.ActiveCfg = Release|Any CPU
		{403CB03C-CADE-45FE-A121-E81246C77E6F}.Release|Any CPU.Build.0 = Release|Any CPU
		{79FB125E-FB95-4327-A305-E88E71C2AF59}.Debug|Any CPU.ActiveCfg = Debug|Any CPU
		{79FB125E-FB95-4327-A305-E88E71C2AF59}.Debug|Any CPU.Build.0 = Debug|Any CPU
		{79FB125E-FB95-4327-A305-E88E71C2AF59}.Release|Any CPU.ActiveCfg = Release|Any CPU
		{79FB125E-FB95-4327-A305-E88E71C2AF59}.Release|Any CPU.Build.0 = Release|Any CPU
	EndGlobalSection
	GlobalSection(MonoDevelopProperties) = preSolution
		StartupItem = ..\FluentStrings\FluentStrings.csproj
	EndGlobalSection
EndGlobal
